
Microsoft Visual Studio Solution File, Format Version 12.00
# Visual Studio Version 17
VisualStudioVersion = 17.6.33723.286
MinimumVisualStudioVersion = 10.0.40219.1
Project("{54A90642-561A-4BB1-A94E-469ADEE60C69}") = "reactapp", "reactapp\reactapp.esproj", "{92430D6B-62B7-41B7-A2FE-4E10EB59AD3A}"
EndProject
Project("{9A19103F-16F7-4668-BE54-9A1E7A4F7556}") = "webapi", "webapi\webapi.csproj", "{162E66C4-6A66-41F3-A12F-700A83A08693}"
EndProject
Global
	GlobalSection(SolutionConfigurationPlatforms) = preSolution
		Debug|Any CPU = Debug|Any CPU
		Release|Any CPU = Release|Any CPU
	EndGlobalSection
	GlobalSection(ProjectConfigurationPlatforms) = postSolution
		{92430D6B-62B7-41B7-A2FE-4E10EB59AD3A}.Debug|Any CPU.ActiveCfg = Debug|Any CPU
		{92430D6B-62B7-41B7-A2FE-4E10EB59AD3A}.Debug|Any CPU.Build.0 = Debug|Any CPU
		{92430D6B-62B7-41B7-A2FE-4E10EB59AD3A}.Debug|Any CPU.Deploy.0 = Debug|Any CPU
		{92430D6B-62B7-41B7-A2FE-4E10EB59AD3A}.Release|Any CPU.ActiveCfg = Release|Any CPU
		{92430D6B-62B7-41B7-A2FE-4E10EB59AD3A}.Release|Any CPU.Build.0 = Release|Any CPU
		{92430D6B-62B7-41B7-A2FE-4E10EB59AD3A}.Release|Any CPU.Deploy.0 = Release|Any CPU
		{162E66C4-6A66-41F3-A12F-700A83A08693}.Debug|Any CPU.ActiveCfg = Debug|Any CPU
		{162E66C4-6A66-41F3-A12F-700A83A08693}.Debug|Any CPU.Build.0 = Debug|Any CPU
		{162E66C4-6A66-41F3-A12F-700A83A08693}.Release|Any CPU.ActiveCfg = Release|Any CPU
		{162E66C4-6A66-41F3-A12F-700A83A08693}.Release|Any CPU.Build.0 = Release|Any CPU
	EndGlobalSection
	GlobalSection(SolutionProperties) = preSolution
		HideSolutionNode = FALSE
	EndGlobalSection
	GlobalSection(ExtensibilityGlobals) = postSolution
		SolutionGuid = {AAA41CFC-E568-4935-8012-68148C90AF0A}
	EndGlobalSection
EndGlobal
